
Microsoft Visual Studio Solution File, Format Version 12.00
# Visual Studio Version 16
VisualStudioVersion = 16.0.30907.101
MinimumVisualStudioVersion = 10.0.40219.1
Project("{FAE04EC0-301F-11D3-BF4B-00C04F79EFBC}") = "GraphPAD", "GraphPAD\GraphPAD.csproj", "{10AFD314-F607-4FA8-BEBC-1F9FF5104AEC}"
EndProject
Global
	GlobalSection(SolutionConfigurationPlatforms) = preSolution
		Debug|Any CPU = Debug|Any CPU
		Release|Any CPU = Release|Any CPU
	EndGlobalSection
	GlobalSection(ProjectConfigurationPlatforms) = postSolution
		{10AFD314-F607-4FA8-BEBC-1F9FF5104AEC}.Debug|Any CPU.ActiveCfg = Debug|Any CPU
		{10AFD314-F607-4FA8-BEBC-1F9FF5104AEC}.Debug|Any CPU.Build.0 = Debug|Any CPU
		{10AFD314-F607-4FA8-BEBC-1F9FF5104AEC}.Release|Any CPU.ActiveCfg = Release|Any CPU
		{10AFD314-F607-4FA8-BEBC-1F9FF5104AEC}.Release|Any CPU.Build.0 = Release|Any CPU
	EndGlobalSection
	GlobalSection(SolutionProperties) = preSolution
		HideSolutionNode = FALSE
	EndGlobalSection
	GlobalSection(ExtensibilityGlobals) = postSolution
		SolutionGuid = {D8F56D9A-D587-4E56-8906-48313186D7F4}
	EndGlobalSection
EndGlobal
